
Microsoft Visual Studio Solution File, Format Version 12.00
# Visual Studio Version 17
VisualStudioVersion = 17.3.32819.101
MinimumVisualStudioVersion = 10.0.40219.1
Project("{9A19103F-16F7-4668-BE54-9A1E7A4F7556}") = "HealchCheck.Web", "HealchCheck\HealchCheck.Web.csproj", "{3077B306-662F-412B-9B88-A1E6199C3AFF}"
EndProject
Project("{2150E333-8FDC-42A3-9474-1A3956D46DE8}") = "Hosts", "Hosts", "{53C96322-EA05-4C79-AC37-CE6796123551}"
EndProject
Global
	GlobalSection(SolutionConfigurationPlatforms) = preSolution
		Debug|Any CPU = Debug|Any CPU
		Release|Any CPU = Release|Any CPU
	EndGlobalSection
	GlobalSection(ProjectConfigurationPlatforms) = postSolution
		{3077B306-662F-412B-9B88-A1E6199C3AFF}.Debug|Any CPU.ActiveCfg = Debug|Any CPU
		{3077B306-662F-412B-9B88-A1E6199C3AFF}.Debug|Any CPU.Build.0 = Debug|Any CPU
		{3077B306-662F-412B-9B88-A1E6199C3AFF}.Release|Any CPU.ActiveCfg = Release|Any CPU
		{3077B306-662F-412B-9B88-A1E6199C3AFF}.Release|Any CPU.Build.0 = Release|Any CPU
	EndGlobalSection
	GlobalSection(SolutionProperties) = preSolution
		HideSolutionNode = FALSE
	EndGlobalSection
	GlobalSection(NestedProjects) = preSolution
		{3077B306-662F-412B-9B88-A1E6199C3AFF} = {53C96322-EA05-4C79-AC37-CE6796123551}
	EndGlobalSection
	GlobalSection(ExtensibilityGlobals) = postSolution
		SolutionGuid = {C5619B75-B9D5-43C4-8466-6CDCD54C5615}
	EndGlobalSection
EndGlobal
