
Microsoft Visual Studio Solution File, Format Version 12.00
# Visual Studio Version 17
VisualStudioVersion = 17.4.33205.214
MinimumVisualStudioVersion = 10.0.40219.1
Project("{2150E333-8FDC-42A3-9474-1A3956D46DE8}") = "SystemSentinel.Host", "SystemSentinel.Host", "{E18F2F3A-F01C-40AE-9289-F089FD6F8DA3}"
EndProject
Project("{2150E333-8FDC-42A3-9474-1A3956D46DE8}") = "Web", "Web", "{F80C4502-42FB-40FC-A649-6CE5F461A8D6}"
EndProject
Project("{2150E333-8FDC-42A3-9474-1A3956D46DE8}") = "SystemSentinel.Shared", "SystemSentinel.Shared", "{31BFE315-2A6A-42A4-824E-E18F84D3B2E8}"
EndProject
Project("{2150E333-8FDC-42A3-9474-1A3956D46DE8}") = "Common", "Common", "{0F4FCE44-AC25-41E3-8D68-C63EFD4E8007}"
EndProject
Project("{2150E333-8FDC-42A3-9474-1A3956D46DE8}") = "Security", "Security", "{4B0D6150-856B-4642-86E3-ADDBD3A13BE8}"
EndProject
Project("{2150E333-8FDC-42A3-9474-1A3956D46DE8}") = "Monitoring", "Monitoring", "{60D8C82A-A8E1-49E5-8590-1D5CC4421CF0}"
EndProject
Project("{2150E333-8FDC-42A3-9474-1A3956D46DE8}") = "SystemSentinel.Modules", "SystemSentinel.Modules", "{E2196A4D-1AAF-4B68-B743-7337895ADAFC}"
EndProject
Project("{2150E333-8FDC-42A3-9474-1A3956D46DE8}") = "NotificationModule", "NotificationModule", "{CD85C477-FE68-4688-8852-D50290D04830}"
EndProject
Project("{2150E333-8FDC-42A3-9474-1A3956D46DE8}") = "SystemSentinel.Infrastructure", "SystemSentinel.Infrastructure", "{7C1A837B-586A-4002-AA1C-B3EF05A79244}"
EndProject
Project("{2150E333-8FDC-42A3-9474-1A3956D46DE8}") = "SystemSentinel.Gateway", "SystemSentinel.Gateway", "{E28F4AE3-5018-4C22-BDA9-9C2C02904F8C}"
EndProject
Project("{2150E333-8FDC-42A3-9474-1A3956D46DE8}") = "AnalyticModule", "AnalyticModule", "{19CB7098-A38E-4F0D-A8B0-7A9CD9BBB253}"
EndProject
Project("{9A19103F-16F7-4668-BE54-9A1E7A4F7556}") = "SystemSentinel", "src\SystemSentinel.Host\Web\SystemSentinel.csproj", "{EC658441-FCBC-4E86-9450-C16E6ED2630D}"
EndProject
Project("{9A19103F-16F7-4668-BE54-9A1E7A4F7556}") = "SystemSentinel.Infrastructure", "src\SystemSentinel.Infrastructure\SystemSentinel.Infrastructure.csproj", "{AA1AD8A4-D8ED-48E8-B59A-E5E193730A12}"
EndProject
Project("{9A19103F-16F7-4668-BE54-9A1E7A4F7556}") = "SystemSentinel.Common", "src\SystemSentinel.Shared\HealthCheck.Common\SystemSentinel.Common.csproj", "{75CB312B-1C91-460F-963A-05D9FFBC18E8}"
EndProject
Project("{9A19103F-16F7-4668-BE54-9A1E7A4F7556}") = "SystemSentinel.Monitoring", "src\SystemSentinel.Shared\HealthCheck.Monitoring\SystemSentinel.Monitoring.csproj", "{F3E12436-3750-4B42-AB87-D5623F05BB5A}"
EndProject
Project("{9A19103F-16F7-4668-BE54-9A1E7A4F7556}") = "SystemSentinel.Security", "src\SystemSentinel.Shared\HealthCheck.Security\SystemSentinel.Security.csproj", "{90DE69B9-F25E-42C4-A761-2EDE946862FE}"
EndProject
Project("{2150E333-8FDC-42A3-9474-1A3956D46DE8}") = "BaseHealthCheckModule", "BaseHealthCheckModule", "{F26861DA-2CB6-45BF-A20C-02B960C7747F}"
EndProject
Project("{2150E333-8FDC-42A3-9474-1A3956D46DE8}") = "DefaultProjectModule", "DefaultProjectModule", "{D306E997-71A0-4850-868D-AAFADC7E861F}"
EndProject
Project("{FAE04EC0-301F-11D3-BF4B-00C04F79EFBC}") = "SystemSentinel.BaseHealthCheck.Module", "src\SystemSentinel.Module\CoreModule\SystemSentinel.Core.Module\SystemSentinel.BaseHealthCheck.Module.csproj", "{8DA67899-E916-446A-AC73-32EF5EFF48DC}"
EndProject
Project("{9A19103F-16F7-4668-BE54-9A1E7A4F7556}") = "SystemSentinel.Default.HealthCheckModule", "src\SystemSentinel.Module\DefaultModule\SystemSentinel.Default.HealthCheckModule.csproj", "{450E4FF4-764B-46C9-ADE8-9AD8854C15E2}"
EndProject
Global
	GlobalSection(SolutionConfigurationPlatforms) = preSolution
		Debug|Any CPU = Debug|Any CPU
		Release|Any CPU = Release|Any CPU
	EndGlobalSection
	GlobalSection(ProjectConfigurationPlatforms) = postSolution
		{EC658441-FCBC-4E86-9450-C16E6ED2630D}.Debug|Any CPU.ActiveCfg = Debug|Any CPU
		{EC658441-FCBC-4E86-9450-C16E6ED2630D}.Debug|Any CPU.Build.0 = Debug|Any CPU
		{EC658441-FCBC-4E86-9450-C16E6ED2630D}.Release|Any CPU.ActiveCfg = Release|Any CPU
		{EC658441-FCBC-4E86-9450-C16E6ED2630D}.Release|Any CPU.Build.0 = Release|Any CPU
		{AA1AD8A4-D8ED-48E8-B59A-E5E193730A12}.Debug|Any CPU.ActiveCfg = Debug|Any CPU
		{AA1AD8A4-D8ED-48E8-B59A-E5E193730A12}.Debug|Any CPU.Build.0 = Debug|Any CPU
		{AA1AD8A4-D8ED-48E8-B59A-E5E193730A12}.Release|Any CPU.ActiveCfg = Release|Any CPU
		{AA1AD8A4-D8ED-48E8-B59A-E5E193730A12}.Release|Any CPU.Build.0 = Release|Any CPU
		{75CB312B-1C91-460F-963A-05D9FFBC18E8}.Debug|Any CPU.ActiveCfg = Debug|Any CPU
		{75CB312B-1C91-460F-963A-05D9FFBC18E8}.Debug|Any CPU.Build.0 = Debug|Any CPU
		{75CB312B-1C91-460F-963A-05D9FFBC18E8}.Release|Any CPU.ActiveCfg = Release|Any CPU
		{75CB312B-1C91-460F-963A-05D9FFBC18E8}.Release|Any CPU.Build.0 = Release|Any CPU
		{F3E12436-3750-4B42-AB87-D5623F05BB5A}.Debug|Any CPU.ActiveCfg = Debug|Any CPU
		{F3E12436-3750-4B42-AB87-D5623F05BB5A}.Debug|Any CPU.Build.0 = Debug|Any CPU
		{F3E12436-3750-4B42-AB87-D5623F05BB5A}.Release|Any CPU.ActiveCfg = Release|Any CPU
		{F3E12436-3750-4B42-AB87-D5623F05BB5A}.Release|Any CPU.Build.0 = Release|Any CPU
		{90DE69B9-F25E-42C4-A761-2EDE946862FE}.Debug|Any CPU.ActiveCfg = Debug|Any CPU
		{90DE69B9-F25E-42C4-A761-2EDE946862FE}.Debug|Any CPU.Build.0 = Debug|Any CPU
		{90DE69B9-F25E-42C4-A761-2EDE946862FE}.Release|Any CPU.ActiveCfg = Release|Any CPU
		{90DE69B9-F25E-42C4-A761-2EDE946862FE}.Release|Any CPU.Build.0 = Release|Any CPU
		{8DA67899-E916-446A-AC73-32EF5EFF48DC}.Debug|Any CPU.ActiveCfg = Debug|Any CPU
		{8DA67899-E916-446A-AC73-32EF5EFF48DC}.Debug|Any CPU.Build.0 = Debug|Any CPU
		{8DA67899-E916-446A-AC73-32EF5EFF48DC}.Release|Any CPU.ActiveCfg = Release|Any CPU
		{8DA67899-E916-446A-AC73-32EF5EFF48DC}.Release|Any CPU.Build.0 = Release|Any CPU
		{450E4FF4-764B-46C9-ADE8-9AD8854C15E2}.Debug|Any CPU.ActiveCfg = Debug|Any CPU
		{450E4FF4-764B-46C9-ADE8-9AD8854C15E2}.Debug|Any CPU.Build.0 = Debug|Any CPU
		{450E4FF4-764B-46C9-ADE8-9AD8854C15E2}.Release|Any CPU.ActiveCfg = Release|Any CPU
		{450E4FF4-764B-46C9-ADE8-9AD8854C15E2}.Release|Any CPU.Build.0 = Release|Any CPU
	EndGlobalSection
	GlobalSection(SolutionProperties) = preSolution
		HideSolutionNode = FALSE
	EndGlobalSection
	GlobalSection(NestedProjects) = preSolution
		{F80C4502-42FB-40FC-A649-6CE5F461A8D6} = {E18F2F3A-F01C-40AE-9289-F089FD6F8DA3}
		{0F4FCE44-AC25-41E3-8D68-C63EFD4E8007} = {31BFE315-2A6A-42A4-824E-E18F84D3B2E8}
		{4B0D6150-856B-4642-86E3-ADDBD3A13BE8} = {31BFE315-2A6A-42A4-824E-E18F84D3B2E8}
		{60D8C82A-A8E1-49E5-8590-1D5CC4421CF0} = {31BFE315-2A6A-42A4-824E-E18F84D3B2E8}
		{CD85C477-FE68-4688-8852-D50290D04830} = {E2196A4D-1AAF-4B68-B743-7337895ADAFC}
		{19CB7098-A38E-4F0D-A8B0-7A9CD9BBB253} = {E2196A4D-1AAF-4B68-B743-7337895ADAFC}
		{EC658441-FCBC-4E86-9450-C16E6ED2630D} = {F80C4502-42FB-40FC-A649-6CE5F461A8D6}
		{AA1AD8A4-D8ED-48E8-B59A-E5E193730A12} = {7C1A837B-586A-4002-AA1C-B3EF05A79244}
		{75CB312B-1C91-460F-963A-05D9FFBC18E8} = {0F4FCE44-AC25-41E3-8D68-C63EFD4E8007}
		{F3E12436-3750-4B42-AB87-D5623F05BB5A} = {60D8C82A-A8E1-49E5-8590-1D5CC4421CF0}
		{90DE69B9-F25E-42C4-A761-2EDE946862FE} = {4B0D6150-856B-4642-86E3-ADDBD3A13BE8}
		{F26861DA-2CB6-45BF-A20C-02B960C7747F} = {E2196A4D-1AAF-4B68-B743-7337895ADAFC}
		{D306E997-71A0-4850-868D-AAFADC7E861F} = {E2196A4D-1AAF-4B68-B743-7337895ADAFC}
		{8DA67899-E916-446A-AC73-32EF5EFF48DC} = {F26861DA-2CB6-45BF-A20C-02B960C7747F}
		{450E4FF4-764B-46C9-ADE8-9AD8854C15E2} = {D306E997-71A0-4850-868D-AAFADC7E861F}
	EndGlobalSection
	GlobalSection(ExtensibilityGlobals) = postSolution
		SolutionGuid = {6B98455D-3098-42DF-906F-D7FFC9D9E1EB}
	EndGlobalSection
EndGlobal
